# This file is generated by running "yarn install" inside your project.
# Manual changes might be lost - proceed with caution!

__metadata:
  version: 6
  cacheKey: 8

"@anthropic-ai/sdk@npm:^0.4.3":
  version: 0.4.3
  resolution: "@anthropic-ai/sdk@npm:0.4.3"
  dependencies:
    "@fortaine/fetch-event-source": ^3.0.6
    cross-fetch: ^3.1.5
  checksum: 57fa5c6262f8796cebd64f25b128bfdbfb1691bea6855928873d56c8463186a783a81c242320e222a20b90ae205020bdfb29bddea5ff2ba6d7d50533b3e1b15c
  languageName: node
  linkType: hard

"@fortaine/fetch-event-source@npm:^3.0.6":
  version: 3.0.6
  resolution: "@fortaine/fetch-event-source@npm:3.0.6"
  checksum: 6366ad31762170896417684c48536fcf0c27c5f64e090a2de932df55d67c86bdc3c9744e460b19ef1741eab4e4c69797cad1b72f7cf7a981cd17a66c7b0c4418
  languageName: node
  linkType: hard

"@types/node@npm:^20.2.1":
  version: 20.2.1
  resolution: "@types/node@npm:20.2.1"
  checksum: ed774afa6e9b4ad7868ed0182a8ca40ad0dd54815a70d3051b23fa850f3bca6bea4d0cb55e1fc769666786ac2cc4c1b37aeade313cb4c4634133f18ebcded496
  languageName: node
  linkType: hard

"@types/retry@npm:0.12.0":
  version: 0.12.0
  resolution: "@types/retry@npm:0.12.0"
  checksum: 61a072c7639f6e8126588bf1eb1ce8835f2cb9c2aba795c4491cf6310e013267b0c8488039857c261c387e9728c1b43205099223f160bb6a76b4374f741b5603
  languageName: node
  linkType: hard

"ansi-styles@npm:^3.0.0":
  version: 3.2.1
  resolution: "ansi-styles@npm:3.2.1"
  dependencies:
    color-convert: ^1.9.0
  checksum: d85ade01c10e5dd77b6c89f34ed7531da5830d2cb5882c645f330079975b716438cd7ebb81d0d6e6b4f9c577f19ae41ab55f07f19786b02f9dfd9e0377395665
  languageName: node
  linkType: hard

"ansi-styles@npm:^5.0.0":
  version: 5.2.0
  resolution: "ansi-styles@npm:5.2.0"
  checksum: d7f4e97ce0623aea6bc0d90dcd28881ee04cba06c570b97fd3391bd7a268eedfd9d5e2dd4fdcbdd82b8105df5faf6f24aaedc08eaf3da898e702db5948f63469
  languageName: node
  linkType: hard

"ansicolors@npm:~0.2.1":
  version: 0.2.1
  resolution: "ansicolors@npm:0.2.1"
  checksum: 7120ca45a780cf17d786070874776637adcc107cf2bb9b38934f92d88cb5c3d16e1e7092708ba0f64f2031e6c10844c26e8a13d9e27f7b058c36ad8950cbfd02
  languageName: node
  linkType: hard

"argparse@npm:^2.0.1":
  version: 2.0.1
  resolution: "argparse@npm:2.0.1"
  checksum: 83644b56493e89a254bae05702abf3a1101b4fa4d0ca31df1c9985275a5a5bd47b3c27b7fa0b71098d41114d8ca000e6ed90cad764b306f8a503665e4d517ced
  languageName: node
  linkType: hard

"asynckit@npm:^0.4.0":
  version: 0.4.0
  resolution: "asynckit@npm:0.4.0"
  checksum: 7b78c451df768adba04e2d02e63e2d0bf3b07adcd6e42b4cf665cb7ce899bedd344c69a1dcbce355b5f972d597b25aaa1c1742b52cffd9caccb22f348114f6be
  languageName: node
  linkType: hard

"axios@npm:^0.26.0":
  version: 0.26.1
  resolution: "axios@npm:0.26.1"
  dependencies:
    follow-redirects: ^1.14.8
  checksum: d9eb58ff4bc0b36a04783fc9ff760e9245c829a5a1052ee7ca6013410d427036b1d10d04e7380c02f3508c5eaf3485b1ae67bd2adbfec3683704745c8d7a6e1a
  languageName: node
  linkType: hard

"base64-js@npm:^1.5.1":
  version: 1.5.1
  resolution: "base64-js@npm:1.5.1"
  checksum: 669632eb3745404c2f822a18fc3a0122d2f9a7a13f7fb8b5823ee19d1d2ff9ee5b52c53367176ea4ad093c332fd5ab4bd0ebae5a8e27917a4105a4cfc86b1005
  languageName: node
  linkType: hard

"binary-extensions@npm:^2.2.0":
  version: 2.2.0
  resolution: "binary-extensions@npm:2.2.0"
  checksum: ccd267956c58d2315f5d3ea6757cf09863c5fc703e50fbeb13a7dc849b812ef76e3cf9ca8f35a0c48498776a7478d7b4a0418e1e2b8cb9cb9731f2922aaad7f8
  languageName: node
  linkType: hard

"binary-search@npm:^1.3.5":
  version: 1.3.6
  resolution: "binary-search@npm:1.3.6"
  checksum: 2e6b3459a9c1ba1bd674a6a855a5ef7505f70707422244430e3510e989c0df6074a49fe60784a98b93b51545c9bcace1db1defee06ff861b124c036a2f2836bf
  languageName: node
  linkType: hard

"cardinal@npm:^1.0.0":
  version: 1.0.0
  resolution: "cardinal@npm:1.0.0"
  dependencies:
    ansicolors: ~0.2.1
    redeyed: ~1.0.0
  bin:
    cdl: ./bin/cdl.js
  checksum: c77852b228c2be38cfa66b43ec3bfaee021954f621328def00e2fba364160bbbafadbad560485da29d6deb87042268d7a23f91a460058308a14c5d18a329ab57
  languageName: node
  linkType: hard

"chromadb@npm:1.4.1":
  version: 1.4.1
  resolution: "chromadb@npm:1.4.1"
  dependencies:
    axios: ^0.26.0
  checksum: 2b8e02e86577947e9f32d3faadb614b1a0ce60114d383ba7dd9997b519b1ff8e0b38f1a5c132371636ab07ed53f57b45cde3b454bcaa6710d5468358e1634114
  languageName: node
  linkType: hard

"cli-table@npm:^0.3.1":
  version: 0.3.11
  resolution: "cli-table@npm:0.3.11"
  dependencies:
    colors: 1.0.3
  checksum: 59fb61f992ac9bc8610ed98c72bf7f5d396c5afb42926b6747b46b0f8bb98a0dfa097998e77542ac334c1eb7c18dbf4f104d5783493273c5ec4c34084aa7c663
  languageName: node
  linkType: hard

"cohere-ai@npm:^6.2.1":
  version: 6.2.1
  resolution: "cohere-ai@npm:6.2.1"
  checksum: c3fe95ba202cfd846bc34f673299cc14312996819101e8cfcc2d047ff7ca1aad78e86283b2045879b454b0c6869fc96056f398387558237f8de8cc342f1ca48a
  languageName: node
  linkType: hard

"color-convert@npm:^1.9.0":
  version: 1.9.3
  resolution: "color-convert@npm:1.9.3"
  dependencies:
    color-name: 1.1.3
  checksum: fd7a64a17cde98fb923b1dd05c5f2e6f7aefda1b60d67e8d449f9328b4e53b228a428fd38bfeaeb2db2ff6b6503a776a996150b80cdf224062af08a5c8a3a203
  languageName: node
  linkType: hard

"color-name@npm:1.1.3":
  version: 1.1.3
  resolution: "color-name@npm:1.1.3"
  checksum: 09c5d3e33d2105850153b14466501f2bfb30324a2f76568a408763a3b7433b0e50e5b4ab1947868e65cb101bb7cb75029553f2c333b6d4b8138a73fcc133d69d
  languageName: node
  linkType: hard

"colors@npm:1.0.3":
  version: 1.0.3
  resolution: "colors@npm:1.0.3"
  checksum: 234e8d3ab7e4003851cdd6a1f02eaa16dabc502ee5f4dc576ad7959c64b7477b15bd21177bab4055a4c0a66aa3d919753958030445f87c39a253d73b7a3637f5
  languageName: node
  linkType: hard

"combined-stream@npm:^1.0.8":
  version: 1.0.8
  resolution: "combined-stream@npm:1.0.8"
  dependencies:
    delayed-stream: ~1.0.0
  checksum: 49fa4aeb4916567e33ea81d088f6584749fc90c7abec76fd516bf1c5aa5c79f3584b5ba3de6b86d26ddd64bae5329c4c7479343250cfe71c75bb366eae53bb7c
  languageName: node
  linkType: hard

"cross-fetch@npm:^3.1.5":
  version: 3.1.6
  resolution: "cross-fetch@npm:3.1.6"
  dependencies:
    node-fetch: ^2.6.11
  checksum: 704b3519ab7de488328cc49a52cf1aa14132ec748382be5b9557b22398c33ffa7f8c2530e8a97ed8cb55da52b0a9740a9791d361271c4591910501682d981d9c
  languageName: node
  linkType: hard

"delayed-stream@npm:~1.0.0":
  version: 1.0.0
  resolution: "delayed-stream@npm:1.0.0"
  checksum: 46fe6e83e2cb1d85ba50bd52803c68be9bd953282fa7096f51fc29edd5d67ff84ff753c51966061e5ba7cb5e47ef6d36a91924eddb7f3f3483b1c560f77a0020
  languageName: node
  linkType: hard

"entities@npm:~3.0.1":
  version: 3.0.1
  resolution: "entities@npm:3.0.1"
  checksum: aaf7f12033f0939be91f5161593f853f2da55866db55ccbf72f45430b8977e2b79dbd58c53d0fdd2d00bd7d313b75b0968d09f038df88e308aa97e39f9456572
  languageName: node
  linkType: hard

"esprima@npm:~3.0.0":
  version: 3.0.0
  resolution: "esprima@npm:3.0.0"
  bin:
    esparse: ./bin/esparse.js
    esvalidate: ./bin/esvalidate.js
  checksum: d6d65bc4ec29f1278357013117f944742e06905989d4fd023c4378d11e631c1a990ecea9c3dc394091ab183d8f23b5e9b3ab7f7816643d8dffb35b1bcef9d334
  languageName: node
  linkType: hard

"eventemitter3@npm:^4.0.4":
  version: 4.0.7
  resolution: "eventemitter3@npm:4.0.7"
  checksum: 1875311c42fcfe9c707b2712c32664a245629b42bb0a5a84439762dd0fd637fc54d078155ea83c2af9e0323c9ac13687e03cfba79b03af9f40c89b4960099374
  languageName: node
  linkType: hard

"expr-eval@npm:^2.0.2":
  version: 2.0.2
  resolution: "expr-eval@npm:2.0.2"
  checksum: 01862f09b50b17b45a6268b1153280afede99e1b51752a323661f7f4010eaed34cd6c682bf439b7f8a92df6aa82f326f0ce0aa20964d175feee97377fe53921d
  languageName: node
  linkType: hard

"flat@npm:^5.0.2":
  version: 5.0.2
  resolution: "flat@npm:5.0.2"
  bin:
    flat: cli.js
  checksum: 12a1536ac746db74881316a181499a78ef953632ddd28050b7a3a43c62ef5462e3357c8c29d76072bb635f147f7a9a1f0c02efef6b4be28f8db62ceb3d5c7f5d
  languageName: node
  linkType: hard

"follow-redirects@npm:^1.14.8":
  version: 1.15.2
  resolution: "follow-redirects@npm:1.15.2"
  peerDependenciesMeta:
    debug:
      optional: true
  checksum: faa66059b66358ba65c234c2f2a37fcec029dc22775f35d9ad6abac56003268baf41e55f9ee645957b32c7d9f62baf1f0b906e68267276f54ec4b4c597c2b190
  languageName: node
  linkType: hard

"form-data@npm:^4.0.0":
  version: 4.0.0
  resolution: "form-data@npm:4.0.0"
  dependencies:
    asynckit: ^0.4.0
    combined-stream: ^1.0.8
    mime-types: ^2.1.12
  checksum: 01135bf8675f9d5c61ff18e2e2932f719ca4de964e3be90ef4c36aacfc7b9cb2fceb5eca0b7e0190e3383fe51c5b37f4cb80b62ca06a99aaabfcfd6ac7c9328c
  languageName: node
  linkType: hard

"is-any-array@npm:^2.0.0":
  version: 2.0.1
  resolution: "is-any-array@npm:2.0.1"
  checksum: 472ed80e17d32951435087951af30c29498b163c31bf723dd5af76545b100bcfac6fad2df3f1a648b45e3b027de8f5dc2389935267ba5258eae85762804b4982
  languageName: node
  linkType: hard

"js-tiktoken@npm:^1.0.6":
  version: 1.0.6
  resolution: "js-tiktoken@npm:1.0.6"
  dependencies:
    base64-js: ^1.5.1
  checksum: 05a1b3f895447194a0ac17a56229e47eae3816cd851f12ee947b5cdc2f4439773ed52938f4f6459f5c45dc0f4a15ac1a882cde61e47e31b6a84b7129fe1f63c2
  languageName: node
  linkType: hard

"jsonpointer@npm:^5.0.1":
  version: 5.0.1
  resolution: "jsonpointer@npm:5.0.1"
  checksum: 0b40f712900ad0c846681ea2db23b6684b9d5eedf55807b4708c656f5894b63507d0e28ae10aa1bddbea551241035afe62b6df0800fc94c2e2806a7f3adecd7c
  languageName: node
  linkType: hard

"langchain@https://github.com/tonisives/langchainjs#head=ah&workspace=langchain":
  version: 0.0.78
  resolution: "langchain@https://github.com/tonisives/langchainjs.git#workspace=langchain&commit=ad8a260c25ca07b2fa3beedf4cb90495cbf9f7ff"
  dependencies:
    "@anthropic-ai/sdk": ^0.4.3
    ansi-styles: ^5.0.0
    binary-extensions: ^2.2.0
    expr-eval: ^2.0.2
    flat: ^5.0.2
    js-tiktoken: ^1.0.6
    jsonpointer: ^5.0.1
    ml-distance: ^4.0.0
    object-hash: ^3.0.0
    openai: ^3.2.0
    p-queue: ^6.6.2
    p-retry: 4
    uuid: ^9.0.0
    yaml: ^2.2.1
    zod: ^3.21.4
    zod-to-json-schema: ^3.20.4
  peerDependencies:
    "@aws-sdk/client-dynamodb": ^3.310.0
    "@aws-sdk/client-lambda": ^3.310.0
    "@aws-sdk/client-s3": ^3.310.0
    "@aws-sdk/client-sagemaker-runtime": ^3.310.0
    "@clickhouse/client": ^0.0.14
    "@getmetal/metal-sdk": "*"
    "@huggingface/inference": ^1.5.1
    "@opensearch-project/opensearch": "*"
    "@pinecone-database/pinecone": "*"
    "@supabase/supabase-js": ^2.10.0
    "@tensorflow-models/universal-sentence-encoder": "*"
    "@tensorflow/tfjs-converter": "*"
    "@tensorflow/tfjs-core": "*"
    "@zilliz/milvus2-sdk-node": ^2.2.0
    apify-client: ^2.7.1
    axios: "*"
    cheerio: ^1.0.0-rc.12
    chromadb: ^1.4.0
    cohere-ai: ^5.0.2
    d3-dsv: ^2.0.0
    epub2: ^3.0.1
    faiss-node: ^0.1.1
    hnswlib-node: ^1.4.2
    html-to-text: ^9.0.5
    mammoth: "*"
    meriyah: "*"
    mongodb: ^5.2.0
    pdf-parse: 1.1.1
    pickleparser: ^0.1.0
    playwright: ^1.32.1
    puppeteer: ^19.7.2
    redis: ^4.6.4
    replicate: ^0.9.0
    srt-parser-2: ^1.2.2
    typeorm: ^0.3.12
    weaviate-ts-client: ^1.0.0
  peerDependenciesMeta:
    "@aws-sdk/client-dynamodb":
      optional: true
    "@aws-sdk/client-lambda":
      optional: true
    "@aws-sdk/client-s3":
      optional: true
    "@aws-sdk/client-sagemaker-runtime":
      optional: true
    "@clickhouse/client":
      optional: true
    "@getmetal/metal-sdk":
      optional: true
    "@huggingface/inference":
      optional: true
    "@opensearch-project/opensearch":
      optional: true
    "@pinecone-database/pinecone":
      optional: true
    "@supabase/supabase-js":
      optional: true
    "@tensorflow-models/universal-sentence-encoder":
      optional: true
    "@tensorflow/tfjs-converter":
      optional: true
    "@tensorflow/tfjs-core":
      optional: true
    "@zilliz/milvus2-sdk-node":
      optional: true
    apify-client:
      optional: true
    axios:
      optional: true
    cheerio:
      optional: true
    chromadb:
      optional: true
    cohere-ai:
      optional: true
    d3-dsv:
      optional: true
    epub2:
      optional: true
    faiss-node:
      optional: true
    hnswlib-node:
      optional: true
    html-to-text:
      optional: true
    mammoth:
      optional: true
    meriyah:
      optional: true
    mongodb:
      optional: true
    pdf-parse:
      optional: true
    pickleparser:
      optional: true
    playwright:
      optional: true
    puppeteer:
      optional: true
    redis:
      optional: true
    replicate:
      optional: true
    srt-parser-2:
      optional: true
    typeorm:
      optional: true
    weaviate-ts-client:
      optional: true
  checksum: 4c695fddeda9d11792155d6cb80550280afa6848895c44284eb2e31aec1b2957cb2557036c57a1addfe789f29f3fa0b37c7f078be61fd973e55a6c2d2aa87d53
  languageName: node
  linkType: hard

"linkify-it@npm:^4.0.1":
  version: 4.0.1
  resolution: "linkify-it@npm:4.0.1"
  dependencies:
    uc.micro: ^1.0.1
  checksum: 3e0a29921269c14eb7ac6f5db2da68d4854ea9acca6e9014a323f75f2dd39b197ffab57c1fbd6a906ceb021aad3ee6d7ba7d0181236dd9630ffc452b392f7f71
  languageName: node
  linkType: hard

"lodash.merge@npm:^4.6.2":
  version: 4.6.2
  resolution: "lodash.merge@npm:4.6.2"
  checksum: ad580b4bdbb7ca1f7abf7e1bce63a9a0b98e370cf40194b03380a46b4ed799c9573029599caebc1b14e3f24b111aef72b96674a56cfa105e0f5ac70546cdc005
  languageName: node
  linkType: hard

"markdown-it-terminal@npm:^0.4.0":
  version: 0.4.0
  resolution: "markdown-it-terminal@npm:0.4.0"
  dependencies:
    ansi-styles: ^3.0.0
    cardinal: ^1.0.0
    cli-table: ^0.3.1
    lodash.merge: ^4.6.2
  peerDependencies:
    markdown-it: ">= 13.0.0"
  checksum: 45512555a4ffbad82d84d62c39c72a49e3c8f6553f79bebdb48fb75033abee019c90f0a13bee418cd1ea8e2f4bfa02011839afdac92c17c8381715c7de7dec87
  languageName: node
  linkType: hard

"markdown-it@npm:^13.0.1":
  version: 13.0.1
  resolution: "markdown-it@npm:13.0.1"
  dependencies:
    argparse: ^2.0.1
    entities: ~3.0.1
    linkify-it: ^4.0.1
    mdurl: ^1.0.1
    uc.micro: ^1.0.5
  bin:
    markdown-it: bin/markdown-it.js
  checksum: faf5891d389dc433bcf21d3fbff2009beb044b42b117c92f4848899780ca1a2282a209e3ff4672db4afed726a7248304ec473e6e242a7d6498af7113d31974e7
  languageName: node
  linkType: hard

"mdurl@npm:^1.0.1":
  version: 1.0.1
  resolution: "mdurl@npm:1.0.1"
  checksum: 71731ecba943926bfbf9f9b51e28b5945f9411c4eda80894221b47cc105afa43ba2da820732b436f0798fd3edbbffcd1fc1415843c41a87fea08a41cc1e3d02b
  languageName: node
  linkType: hard

"mime-db@npm:1.52.0":
  version: 1.52.0
  resolution: "mime-db@npm:1.52.0"
  checksum: 0d99a03585f8b39d68182803b12ac601d9c01abfa28ec56204fa330bc9f3d1c5e14beb049bafadb3dbdf646dfb94b87e24d4ec7b31b7279ef906a8ea9b6a513f
  languageName: node
  linkType: hard

"mime-types@npm:^2.1.12":
  version: 2.1.35
  resolution: "mime-types@npm:2.1.35"
  dependencies:
    mime-db: 1.52.0
  checksum: 89a5b7f1def9f3af5dad6496c5ed50191ae4331cc5389d7c521c8ad28d5fdad2d06fd81baf38fed813dc4e46bb55c8145bb0ff406330818c9cf712fb2e9b3836
  languageName: node
  linkType: hard

"ml-array-mean@npm:^1.1.6":
  version: 1.1.6
  resolution: "ml-array-mean@npm:1.1.6"
  dependencies:
    ml-array-sum: ^1.1.6
  checksum: 81999dac8bad3bf2dafb23a9bc71883879b9d55889e48d00b91dd4a2568957a6f5373632ae57324760d1e1d7d29ad45ab4ea7ae32de67ce144d57a21e36dd9c2
  languageName: node
  linkType: hard

"ml-array-sum@npm:^1.1.6":
  version: 1.1.6
  resolution: "ml-array-sum@npm:1.1.6"
  dependencies:
    is-any-array: ^2.0.0
  checksum: 369dbb3681e3f8b0d0facba9fcfc981656dac49a80924859c3ed8f0a5880fb6db2d6e534f8b7b9c3cda59248152e61b27d6419d19c69539de7c3aa6aea3094eb
  languageName: node
  linkType: hard

"ml-distance-euclidean@npm:^2.0.0":
  version: 2.0.0
  resolution: "ml-distance-euclidean@npm:2.0.0"
  checksum: e31f98a947ce6971c35d74e6d2521800f0d219efb34c78b20b5f52debd206008d52e677685c09839e6bab5d2ed233aa009314236e4e548d5fafb60f2f71e2b3e
  languageName: node
  linkType: hard

"ml-distance@npm:^4.0.0":
  version: 4.0.0
  resolution: "ml-distance@npm:4.0.0"
  dependencies:
    ml-array-mean: ^1.1.6
    ml-distance-euclidean: ^2.0.0
    ml-tree-similarity: ^1.0.0
  checksum: 37d07d52c5f1d185833336d73764e97dcdf8abe37e276fd6a3f7d536cf373e7cbfd6497f433192bd7d100b0b95518a616a8ae6df53b74c5b0d5fbfa7a971ae4d
  languageName: node
  linkType: hard

"ml-tree-similarity@npm:^1.0.0":
  version: 1.0.0
  resolution: "ml-tree-similarity@npm:1.0.0"
  dependencies:
    binary-search: ^1.3.5
    num-sort: ^2.0.0
  checksum: f99e217dc94acf75c089469dc3c278f388146e43c82212160b6b75daa14309902f84eb0a00c67d502fc79dc171cf15a33d392326e024b2e89881adc585d15513
  languageName: node
  linkType: hard

"node-fetch@npm:^2.6.11":
  version: 2.6.11
  resolution: "node-fetch@npm:2.6.11"
  dependencies:
    whatwg-url: ^5.0.0
  peerDependencies:
    encoding: ^0.1.0
  peerDependenciesMeta:
    encoding:
      optional: true
  checksum: 249d0666a9497553384d46b5ab296ba223521ac88fed4d8a17d6ee6c2efb0fc890f3e8091cafe7f9fba8151a5b8d925db2671543b3409a56c3cd522b468b47b3
  languageName: node
  linkType: hard

"num-sort@npm:^2.0.0":
  version: 2.1.0
  resolution: "num-sort@npm:2.1.0"
  checksum: 5a80cd0456c8847f71fb80ad3c3596714cebede76de585aa4fed2b9a4fb0907631edca1f7bb31c24dbb9928b66db3d03059994cc365d2ae011b80ddddac28f6e
  languageName: node
  linkType: hard

"object-hash@npm:^3.0.0":
  version: 3.0.0
  resolution: "object-hash@npm:3.0.0"
  checksum: 80b4904bb3857c52cc1bfd0b52c0352532ca12ed3b8a6ff06a90cd209dfda1b95cee059a7625eb9da29537027f68ac4619363491eedb2f5d3dddbba97494fd6c
  languageName: node
  linkType: hard

"openai@npm:^3.2.0, openai@npm:^3.2.1":
  version: 3.2.1
  resolution: "openai@npm:3.2.1"
  dependencies:
    axios: ^0.26.0
    form-data: ^4.0.0
  checksum: ef3942e9b527cf27273c4355bb8fb9ebd94ae3a88c12eec0ac51c4ef0ad8c18864683759471597390816bcd822bdc9f2f1cea7a3eb1e432c9101f568f7c6d19a
  languageName: node
  linkType: hard

"p-finally@npm:^1.0.0":
  version: 1.0.0
  resolution: "p-finally@npm:1.0.0"
  checksum: 93a654c53dc805dd5b5891bab16eb0ea46db8f66c4bfd99336ae929323b1af2b70a8b0654f8f1eae924b2b73d037031366d645f1fd18b3d30cbd15950cc4b1d4
  languageName: node
  linkType: hard

"p-queue@npm:^6.6.2":
  version: 6.6.2
  resolution: "p-queue@npm:6.6.2"
  dependencies:
    eventemitter3: ^4.0.4
    p-timeout: ^3.2.0
  checksum: 832642fcc4ab6477b43e6d7c30209ab10952969ed211c6d6f2931be8a4f9935e3578c72e8cce053dc34f2eb6941a408a2c516a54904e989851a1a209cf19761c
  languageName: node
  linkType: hard

"p-retry@npm:4":
  version: 4.6.2
  resolution: "p-retry@npm:4.6.2"
  dependencies:
    "@types/retry": 0.12.0
    retry: ^0.13.1
  checksum: 45c270bfddaffb4a895cea16cb760dcc72bdecb6cb45fef1971fa6ea2e91ddeafddefe01e444ac73e33b1b3d5d29fb0dd18a7effb294262437221ddc03ce0f2e
  languageName: node
  linkType: hard

"p-timeout@npm:^3.2.0":
  version: 3.2.0
  resolution: "p-timeout@npm:3.2.0"
  dependencies:
    p-finally: ^1.0.0
  checksum: 3dd0eaa048780a6f23e5855df3dd45c7beacff1f820476c1d0d1bcd6648e3298752ba2c877aa1c92f6453c7dd23faaf13d9f5149fc14c0598a142e2c5e8d649c
  languageName: node
  linkType: hard

"redeyed@npm:~1.0.0":
  version: 1.0.1
  resolution: "redeyed@npm:1.0.1"
  dependencies:
    esprima: ~3.0.0
  checksum: fb189829954ce9dfa1647b38e2fdcbe53857dd6d37d2c66feea3a3f7cf22dafa74b66cef5f3d3d3deb5fe1614aa6966d21372374af5685c0a0e437ee68370d64
  languageName: node
  linkType: hard

"retry@npm:^0.13.1":
  version: 0.13.1
  resolution: "retry@npm:0.13.1"
  checksum: 47c4d5be674f7c13eee4cfe927345023972197dbbdfba5d3af7e461d13b44de1bfd663bfc80d2f601f8ef3fc8164c16dd99655a221921954a65d044a2fc1233b
  languageName: node
  linkType: hard

"tr46@npm:~0.0.3":
  version: 0.0.3
  resolution: "tr46@npm:0.0.3"
  checksum: 726321c5eaf41b5002e17ffbd1fb7245999a073e8979085dacd47c4b4e8068ff5777142fc6726d6ca1fd2ff16921b48788b87225cbc57c72636f6efa8efbffe3
  languageName: node
  linkType: hard

"ts@workspace:.":
  version: 0.0.0-use.local
  resolution: "ts@workspace:."
  dependencies:
    "@types/node": ^20.2.1
    chromadb: 1.4.1
    cohere-ai: ^6.2.1
    langchain: "https://github.com/tonisives/langchainjs#head=ah&workspace=langchain"
    markdown-it: ^13.0.1
    markdown-it-terminal: ^0.4.0
    openai: ^3.2.1
    typescript: ^5.0.4
  languageName: unknown
  linkType: soft

"typescript@npm:^5.0.4":
  version: 5.0.4
  resolution: "typescript@npm:5.0.4"
  bin:
    tsc: bin/tsc
    tsserver: bin/tsserver
  checksum: 82b94da3f4604a8946da585f7d6c3025fff8410779e5bde2855ab130d05e4fd08938b9e593b6ebed165bda6ad9292b230984f10952cf82f0a0ca07bbeaa08172
  languageName: node
  linkType: hard

"typescript@patch:typescript@^5.0.4#~builtin<compat/typescript>":
  version: 5.0.4
  resolution: "typescript@patch:typescript@npm%3A5.0.4#~builtin<compat/typescript>::version=5.0.4&hash=85af82"
  bin:
    tsc: bin/tsc
    tsserver: bin/tsserver
  checksum: bb309d320c59a26565fb3793dba550576ab861018ff3fd1b7fccabbe46ae4a35546bc45f342c0a0b6f265c801ccdf64ffd68f548f117ceb7f0eac4b805cd52a9
  languageName: node
  linkType: hard

"uc.micro@npm:^1.0.1, uc.micro@npm:^1.0.5":
  version: 1.0.6
  resolution: "uc.micro@npm:1.0.6"
  checksum: 6898bb556319a38e9cf175e3628689347bd26fec15fc6b29fa38e0045af63075ff3fea4cf1fdba9db46c9f0cbf07f2348cd8844889dd31ebd288c29fe0d27e7a
  languageName: node
  linkType: hard

"uuid@npm:^9.0.0":
  version: 9.0.0
  resolution: "uuid@npm:9.0.0"
  bin:
    uuid: dist/bin/uuid
  checksum: 8dd2c83c43ddc7e1c71e36b60aea40030a6505139af6bee0f382ebcd1a56f6cd3028f7f06ffb07f8cf6ced320b76aea275284b224b002b289f89fe89c389b028
  languageName: node
  linkType: hard

"webidl-conversions@npm:^3.0.0":
  version: 3.0.1
  resolution: "webidl-conversions@npm:3.0.1"
  checksum: c92a0a6ab95314bde9c32e1d0a6dfac83b578f8fa5f21e675bc2706ed6981bc26b7eb7e6a1fab158e5ce4adf9caa4a0aee49a52505d4d13c7be545f15021b17c
  languageName: node
  linkType: hard

"whatwg-url@npm:^5.0.0":
  version: 5.0.0
  resolution: "whatwg-url@npm:5.0.0"
  dependencies:
    tr46: ~0.0.3
    webidl-conversions: ^3.0.0
  checksum: b8daed4ad3356cc4899048a15b2c143a9aed0dfae1f611ebd55073310c7b910f522ad75d727346ad64203d7e6c79ef25eafd465f4d12775ca44b90fa82ed9e2c
  languageName: node
  linkType: hard

"yaml@npm:^2.2.1":
  version: 2.2.2
  resolution: "yaml@npm:2.2.2"
  checksum: d90c235e099e30094dcff61ba3350437aef53325db4a6bcd04ca96e1bfe7e348b191f6a7a52b5211e2dbc4eeedb22a00b291527da030de7c189728ef3f2b4eb3
  languageName: node
  linkType: hard

"zod-to-json-schema@npm:^3.20.4":
  version: 3.21.1
  resolution: "zod-to-json-schema@npm:3.21.1"
  peerDependencies:
    zod: ^3.21.4
  checksum: 70a00a0cb48f855962b6fef3191ac6c36bd1d809a343b22142390374aae511e7adfd8906d7d8ace6d6ad9fd646e29c22fdf3cb220c751f37b071efb2b21a512b
  languageName: node
  linkType: hard

"zod@npm:^3.21.4":
  version: 3.21.4
  resolution: "zod@npm:3.21.4"
  checksum: f185ba87342ff16f7a06686767c2b2a7af41110c7edf7c1974095d8db7a73792696bcb4a00853de0d2edeb34a5b2ea6a55871bc864227dace682a0a28de33e1f
  languageName: node
  linkType: hard
